
Microsoft Visual Studio Solution File, Format Version 12.00
# Visual Studio Version 16
VisualStudioVersion = 16.0.29609.76
MinimumVisualStudioVersion = 10.0.40219.1
Project("{FAE04EC0-301F-11D3-BF4B-00C04F79EFBC}") = "SalesWebMvc", "SalesWebMvc\SalesWebMvc.csproj", "{3FBCAA60-758F-42D0-814E-B081C048F386}"
EndProject
Global
	GlobalSection(SolutionConfigurationPlatforms) = preSolution
		Debug|Any CPU = Debug|Any CPU
		Release|Any CPU = Release|Any CPU
	EndGlobalSection
	GlobalSection(ProjectConfigurationPlatforms) = postSolution
		{3FBCAA60-758F-42D0-814E-B081C048F386}.Debug|Any CPU.ActiveCfg = Debug|Any CPU
		{3FBCAA60-758F-42D0-814E-B081C048F386}.Debug|Any CPU.Build.0 = Debug|Any CPU
		{3FBCAA60-758F-42D0-814E-B081C048F386}.Release|Any CPU.ActiveCfg = Release|Any CPU
		{3FBCAA60-758F-42D0-814E-B081C048F386}.Release|Any CPU.Build.0 = Release|Any CPU
	EndGlobalSection
	GlobalSection(SolutionProperties) = preSolution
		HideSolutionNode = FALSE
	EndGlobalSection
	GlobalSection(ExtensibilityGlobals) = postSolution
		SolutionGuid = {581CDF15-DDEE-4D21-8176-E9C5B98F629C}
	EndGlobalSection
EndGlobal
